# Generated by move; do not edit
# This file should be checked in.

[move]
version = 4

[pinned.localnet.MoveStdlib]
source = { local = "/home/femu/sui/crates/sui-framework/packages/move-stdlib" }
use_environment = "localnet"
manifest_digest = "C4FE4C91DE74CBF223B2E380AE40F592177D21870DC2D7EB6227D2D694E05363"
deps = {}

[pinned.localnet.Sui]
source = { local = "/home/femu/sui/crates/sui-framework/packages/sui-framework" }
use_environment = "localnet"
manifest_digest = "CC15CB146CA1113370B03476BFF694B88F43F77D8DEE7C23CC0C78AB0634420D"
deps = { MoveStdlib = "MoveStdlib" }

[pinned.localnet.bloat_storage]
source = { root = true }
use_environment = "localnet"
manifest_digest = "04C09EA53FF521C3A8B2E2373A8B5CCF7A0286B85308FD3AC8956BC35F36A563"
deps = { Sui = "Sui" }
